
Microsoft Visual Studio Solution File, Format Version 12.00
# Visual Studio 15
VisualStudioVersion = 15.0.28307.438
MinimumVisualStudioVersion = 10.0.40219.1
Project("{FAE04EC0-301F-11D3-BF4B-00C04F79EFBC}") = "bb8", "bb8\bb8.csproj", "{0DB2BBFC-CDF7-4DA7-9AA0-0C6F2831AC29}"
EndProject
Global
	GlobalSection(SolutionConfigurationPlatforms) = preSolution
		Debug|Any CPU = Debug|Any CPU
		Release|Any CPU = Release|Any CPU
	EndGlobalSection
	GlobalSection(ProjectConfigurationPlatforms) = postSolution
		{0DB2BBFC-CDF7-4DA7-9AA0-0C6F2831AC29}.Debug|Any CPU.ActiveCfg = Debug|Any CPU
		{0DB2BBFC-CDF7-4DA7-9AA0-0C6F2831AC29}.Debug|Any CPU.Build.0 = Debug|Any CPU
		{0DB2BBFC-CDF7-4DA7-9AA0-0C6F2831AC29}.Release|Any CPU.ActiveCfg = Release|Any CPU
		{0DB2BBFC-CDF7-4DA7-9AA0-0C6F2831AC29}.Release|Any CPU.Build.0 = Release|Any CPU
	EndGlobalSection
	GlobalSection(SolutionProperties) = preSolution
		HideSolutionNode = FALSE
	EndGlobalSection
	GlobalSection(ExtensibilityGlobals) = postSolution
		SolutionGuid = {51D7BFBE-1F7A-4F1C-85C3-EE65B94FD437}
	EndGlobalSection
EndGlobal
